
Microsoft Visual Studio Solution File, Format Version 12.00
# Visual Studio 15
VisualStudioVersion = 15.0.27428.2037
MinimumVisualStudioVersion = 10.0.40219.1
Project("{9A19103F-16F7-4668-BE54-9A1E7A4F7556}") = "castle-grimtol", "castle-grimtol.csproj", "{F38325BF-3510-4D6C-B658-29A49F03AD17}"
EndProject
Project("{FAE04EC0-301F-11D3-BF4B-00C04F79EFBC}") = "castle-grimtolCL", "..\castle-grimtolCL\castle-grimtolCL.csproj", "{CF03C987-0DFD-4498-A986-D3A92C7457C0}"
EndProject
Global
	GlobalSection(SolutionConfigurationPlatforms) = preSolution
		Debug|Any CPU = Debug|Any CPU
		Release|Any CPU = Release|Any CPU
	EndGlobalSection
	GlobalSection(ProjectConfigurationPlatforms) = postSolution
		{F38325BF-3510-4D6C-B658-29A49F03AD17}.Debug|Any CPU.ActiveCfg = Debug|Any CPU
		{F38325BF-3510-4D6C-B658-29A49F03AD17}.Debug|Any CPU.Build.0 = Debug|Any CPU
		{F38325BF-3510-4D6C-B658-29A49F03AD17}.Release|Any CPU.ActiveCfg = Release|Any CPU
		{F38325BF-3510-4D6C-B658-29A49F03AD17}.Release|Any CPU.Build.0 = Release|Any CPU
		{CF03C987-0DFD-4498-A986-D3A92C7457C0}.Debug|Any CPU.ActiveCfg = Debug|Any CPU
		{CF03C987-0DFD-4498-A986-D3A92C7457C0}.Debug|Any CPU.Build.0 = Debug|Any CPU
		{CF03C987-0DFD-4498-A986-D3A92C7457C0}.Release|Any CPU.ActiveCfg = Release|Any CPU
		{CF03C987-0DFD-4498-A986-D3A92C7457C0}.Release|Any CPU.Build.0 = Release|Any CPU
	EndGlobalSection
	GlobalSection(SolutionProperties) = preSolution
		HideSolutionNode = FALSE
	EndGlobalSection
	GlobalSection(ExtensibilityGlobals) = postSolution
		SolutionGuid = {FC783670-3E7A-42E8-87F1-243E43CD4CC6}
	EndGlobalSection
EndGlobal
